
Microsoft Visual Studio Solution File, Format Version 11.00
# Visual Studio 2010
Project("{FAE04EC0-301F-11D3-BF4B-00C04F79EFBC}") = "SmsParty", "SmsGroup\SmsParty.csproj", "{9E21BA99-308D-4028-BAD2-CC2E43D5DE4B}"
EndProject
Project("{FAE04EC0-301F-11D3-BF4B-00C04F79EFBC}") = "MonoTouch.Dialog", "..\..\remote\MonoTouch.Dialog\MonoTouch.Dialog\MonoTouch.Dialog.csproj", "{3FFBFFF8-5560-4EDE-82E5-3FFDFBBA8A50}"
EndProject
Global
	GlobalSection(SolutionConfigurationPlatforms) = preSolution
		Debug|iPhoneSimulator = Debug|iPhoneSimulator
		Release|iPhoneSimulator = Release|iPhoneSimulator
		Debug|iPhone = Debug|iPhone
		Release|iPhone = Release|iPhone
		FULL|iPhone = FULL|iPhone
		LITE|iPhone = LITE|iPhone
		FULL|iPhoneSimulator = FULL|iPhoneSimulator
		LITE|iPhoneSimulator = LITE|iPhoneSimulator
		AdHoc|iPhone = AdHoc|iPhone
		AppStore|iPhone = AppStore|iPhone
		AdHoc|iPhoneSimulator = AdHoc|iPhoneSimulator
		AppStore|iPhoneSimulator = AppStore|iPhoneSimulator
	EndGlobalSection
	GlobalSection(ProjectConfigurationPlatforms) = postSolution
		{3FFBFFF8-5560-4EDE-82E5-3FFDFBBA8A50}.AdHoc|iPhone.ActiveCfg = AdHoc|iPhone
		{3FFBFFF8-5560-4EDE-82E5-3FFDFBBA8A50}.AdHoc|iPhone.Build.0 = AdHoc|iPhone
		{3FFBFFF8-5560-4EDE-82E5-3FFDFBBA8A50}.AdHoc|iPhoneSimulator.ActiveCfg = AdHoc|iPhoneSimulator
		{3FFBFFF8-5560-4EDE-82E5-3FFDFBBA8A50}.AdHoc|iPhoneSimulator.Build.0 = AdHoc|iPhoneSimulator
		{3FFBFFF8-5560-4EDE-82E5-3FFDFBBA8A50}.AppStore|iPhone.ActiveCfg = AppStore|iPhone
		{3FFBFFF8-5560-4EDE-82E5-3FFDFBBA8A50}.AppStore|iPhone.Build.0 = AppStore|iPhone
		{3FFBFFF8-5560-4EDE-82E5-3FFDFBBA8A50}.AppStore|iPhoneSimulator.ActiveCfg = AppStore|iPhoneSimulator
		{3FFBFFF8-5560-4EDE-82E5-3FFDFBBA8A50}.AppStore|iPhoneSimulator.Build.0 = AppStore|iPhoneSimulator
		{3FFBFFF8-5560-4EDE-82E5-3FFDFBBA8A50}.Debug|iPhone.ActiveCfg = Debug|iPhone
		{3FFBFFF8-5560-4EDE-82E5-3FFDFBBA8A50}.Debug|iPhone.Build.0 = Debug|iPhone
		{3FFBFFF8-5560-4EDE-82E5-3FFDFBBA8A50}.Debug|iPhoneSimulator.ActiveCfg = Debug|iPhoneSimulator
		{3FFBFFF8-5560-4EDE-82E5-3FFDFBBA8A50}.Debug|iPhoneSimulator.Build.0 = Debug|iPhoneSimulator
		{3FFBFFF8-5560-4EDE-82E5-3FFDFBBA8A50}.FULL|iPhone.ActiveCfg = Debug|iPhone
		{3FFBFFF8-5560-4EDE-82E5-3FFDFBBA8A50}.FULL|iPhone.Build.0 = Debug|iPhone
		{3FFBFFF8-5560-4EDE-82E5-3FFDFBBA8A50}.FULL|iPhoneSimulator.ActiveCfg = Debug|iPhoneSimulator
		{3FFBFFF8-5560-4EDE-82E5-3FFDFBBA8A50}.FULL|iPhoneSimulator.Build.0 = Debug|iPhoneSimulator
		{3FFBFFF8-5560-4EDE-82E5-3FFDFBBA8A50}.LITE|iPhone.ActiveCfg = Debug|iPhone
		{3FFBFFF8-5560-4EDE-82E5-3FFDFBBA8A50}.LITE|iPhone.Build.0 = Debug|iPhone
		{3FFBFFF8-5560-4EDE-82E5-3FFDFBBA8A50}.LITE|iPhoneSimulator.ActiveCfg = Debug|iPhoneSimulator
		{3FFBFFF8-5560-4EDE-82E5-3FFDFBBA8A50}.LITE|iPhoneSimulator.Build.0 = Debug|iPhoneSimulator
		{3FFBFFF8-5560-4EDE-82E5-3FFDFBBA8A50}.Release|iPhone.ActiveCfg = Release|iPhone
		{3FFBFFF8-5560-4EDE-82E5-3FFDFBBA8A50}.Release|iPhone.Build.0 = Release|iPhone
		{3FFBFFF8-5560-4EDE-82E5-3FFDFBBA8A50}.Release|iPhoneSimulator.ActiveCfg = Release|iPhoneSimulator
		{3FFBFFF8-5560-4EDE-82E5-3FFDFBBA8A50}.Release|iPhoneSimulator.Build.0 = Release|iPhoneSimulator
		{9E21BA99-308D-4028-BAD2-CC2E43D5DE4B}.Debug|iPhone.ActiveCfg = Debug|iPhone
		{9E21BA99-308D-4028-BAD2-CC2E43D5DE4B}.Debug|iPhone.Build.0 = Debug|iPhone
		{9E21BA99-308D-4028-BAD2-CC2E43D5DE4B}.Debug|iPhoneSimulator.ActiveCfg = Debug|iPhoneSimulator
		{9E21BA99-308D-4028-BAD2-CC2E43D5DE4B}.Debug|iPhoneSimulator.Build.0 = Debug|iPhoneSimulator
		{9E21BA99-308D-4028-BAD2-CC2E43D5DE4B}.FULL|iPhone.ActiveCfg = FULL|iPhone
		{9E21BA99-308D-4028-BAD2-CC2E43D5DE4B}.FULL|iPhone.Build.0 = FULL|iPhone
		{9E21BA99-308D-4028-BAD2-CC2E43D5DE4B}.FULL|iPhoneSimulator.ActiveCfg = FULL|iPhoneSimulator
		{9E21BA99-308D-4028-BAD2-CC2E43D5DE4B}.FULL|iPhoneSimulator.Build.0 = FULL|iPhoneSimulator
		{9E21BA99-308D-4028-BAD2-CC2E43D5DE4B}.LITE|iPhone.ActiveCfg = LITE|iPhone
		{9E21BA99-308D-4028-BAD2-CC2E43D5DE4B}.LITE|iPhone.Build.0 = LITE|iPhone
		{9E21BA99-308D-4028-BAD2-CC2E43D5DE4B}.LITE|iPhoneSimulator.ActiveCfg = LITE|iPhoneSimulator
		{9E21BA99-308D-4028-BAD2-CC2E43D5DE4B}.LITE|iPhoneSimulator.Build.0 = LITE|iPhoneSimulator
		{9E21BA99-308D-4028-BAD2-CC2E43D5DE4B}.Release|iPhone.ActiveCfg = Release|iPhone
		{9E21BA99-308D-4028-BAD2-CC2E43D5DE4B}.Release|iPhone.Build.0 = Release|iPhone
		{9E21BA99-308D-4028-BAD2-CC2E43D5DE4B}.Release|iPhoneSimulator.ActiveCfg = Release|iPhoneSimulator
		{9E21BA99-308D-4028-BAD2-CC2E43D5DE4B}.Release|iPhoneSimulator.Build.0 = Release|iPhoneSimulator
	EndGlobalSection
	GlobalSection(MonoDevelopProperties) = preSolution
		StartupItem = SmsGroup\SmsParty.csproj
	EndGlobalSection
EndGlobal
